{
  "requires": true,
  "lockfileVersion": 1,
  "dependencies": {
    "@ng-select/ng-select": {
      "version": "8.1.1",
      "resolved": "https://registry.npmjs.org/@ng-select/ng-select/-/ng-select-8.1.1.tgz",
      "integrity": "sha512-CP9Pve3L1aGqej38T9utdd6Waobbybwe9QIEObwicBI5fiIMAXwKT6lFT3fDLTUK/79y5nebiGtwTBfMm71Psg==",
      "requires": {
        "tslib": "^2.3.1"
      }
    },
    "tslib": {
      "version": "2.3.1",
      "resolved": "https://registry.npmjs.org/tslib/-/tslib-2.3.1.tgz",
      "integrity": "sha512-77EbyPPpMz+FRFRuAFlWMtmgUWGe9UOG2Z25NqCwiIjRhOf5iKGuzSe5P2w1laq+FkRy4p+PCuVkJSGkzTEKVw=="
    }
  }
}
